
Microsoft Visual Studio Solution File, Format Version 12.00
# Visual Studio Version 16
VisualStudioVersion = 16.0.28803.452
MinimumVisualStudioVersion = 10.0.40219.1
Project("{FAE04EC0-301F-11D3-BF4B-00C04F79EFBC}") = "ListBox", "ListBox\ListBox.csproj", "{4080AA41-00EC-4194-8A91-0353BB867B74}"
EndProject
Global
	GlobalSection(SolutionConfigurationPlatforms) = preSolution
		Debug|Any CPU = Debug|Any CPU
		Release|Any CPU = Release|Any CPU
	EndGlobalSection
	GlobalSection(ProjectConfigurationPlatforms) = postSolution
		{4080AA41-00EC-4194-8A91-0353BB867B74}.Debug|Any CPU.ActiveCfg = Debug|Any CPU
		{4080AA41-00EC-4194-8A91-0353BB867B74}.Debug|Any CPU.Build.0 = Debug|Any CPU
		{4080AA41-00EC-4194-8A91-0353BB867B74}.Release|Any CPU.ActiveCfg = Release|Any CPU
		{4080AA41-00EC-4194-8A91-0353BB867B74}.Release|Any CPU.Build.0 = Release|Any CPU
	EndGlobalSection
	GlobalSection(SolutionProperties) = preSolution
		HideSolutionNode = FALSE
	EndGlobalSection
	GlobalSection(ExtensibilityGlobals) = postSolution
		SolutionGuid = {5F4B84DC-0272-425B-B696-3E1E4C9A0035}
	EndGlobalSection
EndGlobal
